{
  "name": "yeelight-cli",
  "version": "1.0.0",
  "lockfileVersion": 1,
  "requires": true,
  "dependencies": {
    "yeelight.js": {
      "version": "github:LevitatingBusinessMan/yeelight.js#37ab2a3c3fc5f84a5b8567e1a2ea8e326610710b",
      "from": "github:LevitatingBusinessMan/yeelight.js"
    }
  }
}
